[{<<"goldrush">>,
  {git,"git://github.com/DeadZen/goldrush.git",
       {ref,"71e63212f12c25827e0c1b4198d37d5d018a7fec"}},
  1},
 {<<"ucol_nif">>,
  {git,"https://github.com/refuge/ucol_nif.git",
       {ref,"510fb51f44d50ab1b0ac6f668f0741da70be9f9f"}},
  0},
 {<<"snappy">>,
  {git,"https://github.com/rcouch/snappy.git",
       {ref,"03f375126b035fd44da42e6e09f53f45527035c6"}},
  0},
 {<<"lager">>,
  {git,"https://github.com/basho/lager.git",
       {ref,"840acab51ebfb731de0137d9c6d41e7db4a12793"}},
  0},
 {<<"jiffy">>,
  {git,"https://github.com/davisp/jiffy.git",
       {ref,"137d3d94b6ee10001d761d412cbbe7f665680c98"}},
  0}].
