[{<<"goldrush">>,
  {git,"git://github.com/DeadZen/goldrush.git",
       {ref,"71e63212f12c25827e0c1b4198d37d5d018a7fec"}},
  1},
 {<<"ucol_nif">>,
  {git,"https://github.com/refuge/ucol_nif.git",
       {ref,"510fb51f44d50ab1b0ac6f668f0741da70be9f9f"}},
  0},
 {<<"snappy">>,
  {git,"https://github.com/rcouch/snappy.git",
       {ref,"ea07e546f8ae1aff9f126972cba9bc6d77c8a456"}},
  0},
 {<<"lager">>,
  {git,"https://github.com/basho/lager.git",
       {ref,"840acab51ebfb731de0137d9c6d41e7db4a12793"}},
  0},
 {<<"jiffy">>,
  {git,"https://github.com/rcouch/jiffy.git",
       {ref,"746d119416366d5294b78a5efcf2fa8e6cbebf1a"}},
  0}].
