[{<<"goldrush">>,
  {git,"git://github.com/DeadZen/goldrush.git",
       {ref,"71e63212f12c25827e0c1b4198d37d5d018a7fec"}},
  1},
 {<<"ucol_nif">>,
  {git,"https://github.com/refuge/ucol_nif.git",
       {ref,"6a57495ae22db487d297f9d66e2fb94d52696d92"}},
  0},
 {<<"snappy">>,
  {git,"https://github.com/rcouch/snappy.git",
       {ref,"ea07e546f8ae1aff9f126972cba9bc6d77c8a456"}},
  0},
 {<<"lager">>,
  {git,"https://github.com/basho/lager.git",
       {ref,"840acab51ebfb731de0137d9c6d41e7db4a12793"}},
  0},
 {<<"jiffy">>,
  {git,"https://github.com/rcouch/jiffy.git",
       {ref,"550cc7152b6aeeb563cabea5ce8d485f8f7f4e1f"}},
  0},
 {<<"gproc">>,
  {git,"https://github.com/uwiger/gproc.git",
       {ref,"2b1b9ac870416469097af695de413afd5e78f66c"}},
  0}].
